
Microsoft Visual Studio Solution File, Format Version 12.00
# Visual Studio Version 17
VisualStudioVersion = 17.9.34723.18
MinimumVisualStudioVersion = 10.0.40219.1
Project("{FAE04EC0-301F-11D3-BF4B-00C04F79EFBC}") = "Avtobus1", "Avtobus1\Avtobus1.csproj", "{5A838D30-6D67-4185-BA27-147E2C990823}"
EndProject
Global
	GlobalSection(SolutionConfigurationPlatforms) = preSolution
		Debug|Any CPU = Debug|Any CPU
		Release|Any CPU = Release|Any CPU
	EndGlobalSection
	GlobalSection(ProjectConfigurationPlatforms) = postSolution
		{5A838D30-6D67-4185-BA27-147E2C990823}.Debug|Any CPU.ActiveCfg = Debug|Any CPU
		{5A838D30-6D67-4185-BA27-147E2C990823}.Debug|Any CPU.Build.0 = Debug|Any CPU
		{5A838D30-6D67-4185-BA27-147E2C990823}.Release|Any CPU.ActiveCfg = Release|Any CPU
		{5A838D30-6D67-4185-BA27-147E2C990823}.Release|Any CPU.Build.0 = Release|Any CPU
	EndGlobalSection
	GlobalSection(SolutionProperties) = preSolution
		HideSolutionNode = FALSE
	EndGlobalSection
	GlobalSection(ExtensibilityGlobals) = postSolution
		SolutionGuid = {3B2C6A97-4161-4E82-80D2-85A5E99AEB41}
	EndGlobalSection
EndGlobal
